
Microsoft Visual Studio Solution File, Format Version 12.00
# Visual Studio 14
VisualStudioVersion = 14.0.23107.0
MinimumVisualStudioVersion = 10.0.40219.1
Project("{FAE04EC0-301F-11D3-BF4B-00C04F79EFBC}") = "Hemelet", "Hemelet\Hemelet.csproj", "{F6EA67B1-8F76-466E-9794-93FBDFC0393B}"
EndProject
Global
	GlobalSection(SolutionConfigurationPlatforms) = preSolution
		Debug|Any CPU = Debug|Any CPU
		Release|Any CPU = Release|Any CPU
	EndGlobalSection
	GlobalSection(ProjectConfigurationPlatforms) = postSolution
		{F6EA67B1-8F76-466E-9794-93FBDFC0393B}.Debug|Any CPU.ActiveCfg = Debug|Any CPU
		{F6EA67B1-8F76-466E-9794-93FBDFC0393B}.Debug|Any CPU.Build.0 = Debug|Any CPU
		{F6EA67B1-8F76-466E-9794-93FBDFC0393B}.Release|Any CPU.ActiveCfg = Release|Any CPU
		{F6EA67B1-8F76-466E-9794-93FBDFC0393B}.Release|Any CPU.Build.0 = Release|Any CPU
	EndGlobalSection
	GlobalSection(SolutionProperties) = preSolution
		HideSolutionNode = FALSE
	EndGlobalSection
EndGlobal
